// !$*UTF8*$!
{
	archiveVersion = 1;
	classes = {
	};
	objectVersion = 50;
	objects = {

/* Begin PBXBuildFile section */
		D226600A2107BA0F004EAFA3 /* AppDelegate.swift in Sources */ = {isa = PBXBuildFile; fileRef = D22660092107BA0F004EAFA3 /* AppDelegate.swift */; };
		D226600F2107BA0F004EAFA3 /* Main.storyboard in Resources */ = {isa = PBXBuildFile; fileRef = D226600D2107BA0F004EAFA3 /* Main.storyboard */; };
		D22660122107BA0F004EAFA3 /* Time_Tracker.xcdatamodeld in Sources */ = {isa = PBXBuildFile; fileRef = D22660102107BA0F004EAFA3 /* Time_Tracker.xcdatamodeld */; };
		D22660142107BA10004EAFA3 /* Assets.xcassets in Resources */ = {isa = PBXBuildFile; fileRef = D22660132107BA10004EAFA3 /* Assets.xcassets */; };
		D22660172107BA10004EAFA3 /* LaunchScreen.storyboard in Resources */ = {isa = PBXBuildFile; fileRef = D22660152107BA10004EAFA3 /* LaunchScreen.storyboard */; };
		D226601F2107BC45004EAFA3 /* RecordTableViewController.swift in Sources */ = {isa = PBXBuildFile; fileRef = D226601E2107BC45004EAFA3 /* RecordTableViewController.swift */; };
		D22660212107C003004EAFA3 /* RecordTableViewCell.swift in Sources */ = {isa = PBXBuildFile; fileRef = D22660202107C003004EAFA3 /* RecordTableViewCell.swift */; };
		D29C95FE2108764C00663E1F /* DashboardViewController.swift in Sources */ = {isa = PBXBuildFile; fileRef = D29C95FD2108764C00663E1F /* DashboardViewController.swift */; };
		D29C960321087B9D00663E1F /* CategoryItem.swift in Sources */ = {isa = PBXBuildFile; fileRef = D29C960221087B9D00663E1F /* CategoryItem.swift */; };
		D2AA39612108DB9900BE53D5 /* CategoryColors.swift in Sources */ = {isa = PBXBuildFile; fileRef = D2AA39602108DB9900BE53D5 /* CategoryColors.swift */; };
/* End PBXBuildFile section */

/* Begin PBXFileReference section */
		D22660062107BA0F004EAFA3 /* Time-Tracker.app */ = {isa = PBXFileReference; explicitFileType = wrapper.application; includeInIndex = 0; path = "Time-Tracker.app"; sourceTree = BUILT_PRODUCTS_DIR; };
		D22660092107BA0F004EAFA3 /* AppDelegate.swift */ = {isa = PBXFileReference; lastKnownFileType = sourcecode.swift; path = AppDelegate.swift; sourceTree = "<group>"; };
		D226600E2107BA0F004EAFA3 /* Base */ = {isa = PBXFileReference; lastKnownFileType = file.storyboard; name = Base; path = Base.lproj/Main.storyboard; sourceTree = "<group>"; };
		D22660112107BA0F004EAFA3 /* Time_Tracker.xcdatamodel */ = {isa = PBXFileReference; lastKnownFileType = wrapper.xcdatamodel; path = Time_Tracker.xcdatamodel; sourceTree = "<group>"; };
		D22660132107BA10004EAFA3 /* Assets.xcassets */ = {isa = PBXFileReference; lastKnownFileType = folder.assetcatalog; path = Assets.xcassets; sourceTree = "<group>"; };
		D22660162107BA10004EAFA3 /* Base */ = {isa = PBXFileReference; lastKnownFileType = file.storyboard; name = Base; path = Base.lproj/LaunchScreen.storyboard; sourceTree = "<group>"; };
		D22660182107BA10004EAFA3 /* Info.plist */ = {isa = PBXFileReference; lastKnownFileType = text.plist.xml; path = Info.plist; sourceTree = "<group>"; };
		D226601E2107BC45004EAFA3 /* RecordTableViewController.swift */ = {isa = PBXFileReference; lastKnownFileType = sourcecode.swift; path = RecordTableViewController.swift; sourceTree = "<group>"; };
		D22660202107C003004EAFA3 /* RecordTableViewCell.swift */ = {isa = PBXFileReference; lastKnownFileType = sourcecode.swift; path = RecordTableViewCell.swift; sourceTree = "<group>"; };
		D29C95FD2108764C00663E1F /* DashboardViewController.swift */ = {isa = PBXFileReference; lastKnownFileType = sourcecode.swift; path = DashboardViewController.swift; sourceTree = "<group>"; };
		D29C960221087B9D00663E1F /* CategoryItem.swift */ = {isa = PBXFileReference; lastKnownFileType = sourcecode.swift; path = CategoryItem.swift; sourceTree = "<group>"; };
		D2AA39602108DB9900BE53D5 /* CategoryColors.swift */ = {isa = PBXFileReference; lastKnownFileType = sourcecode.swift; path = CategoryColors.swift; sourceTree = "<group>"; };
/* End PBXFileReference section */

/* Begin PBXFrameworksBuildPhase section */
		D22660032107BA0F004EAFA3 /* Frameworks */ = {
			isa = PBXFrameworksBuildPhase;
			buildActionMask = 2147483647;
			files = (
			);
			runOnlyForDeploymentPostprocessing = 0;
		};
/* End PBXFrameworksBuildPhase section */

/* Begin PBXGroup section */
		D2265FFD2107BA0F004EAFA3 = {
			isa = PBXGroup;
			children = (
				D22660082107BA0F004EAFA3 /* Time-Tracker */,
				D22660072107BA0F004EAFA3 /* Products */,
			);
			sourceTree = "<group>";
		};
		D22660072107BA0F004EAFA3 /* Products */ = {
			isa = PBXGroup;
			children = (
				D22660062107BA0F004EAFA3 /* Time-Tracker.app */,
			);
			name = Products;
			sourceTree = "<group>";
		};
		D22660082107BA0F004EAFA3 /* Time-Tracker */ = {
			isa = PBXGroup;
			children = (
				D29C960121087B7B00663E1F /* Model */,
				D29C95FF2108766100663E1F /* View */,
				D29C960421088C2D00663E1F /* Controller */,
				D22660132107BA10004EAFA3 /* Assets.xcassets */,
				D22660182107BA10004EAFA3 /* Info.plist */,
				D22660102107BA0F004EAFA3 /* Time_Tracker.xcdatamodeld */,
			);
			path = "Time-Tracker";
			sourceTree = "<group>";
		};
		D29C95FF2108766100663E1F /* View */ = {
			isa = PBXGroup;
			children = (
				D22660202107C003004EAFA3 /* RecordTableViewCell.swift */,
				D226600D2107BA0F004EAFA3 /* Main.storyboard */,
				D22660152107BA10004EAFA3 /* LaunchScreen.storyboard */,
			);
			path = View;
			sourceTree = "<group>";
		};
		D29C960121087B7B00663E1F /* Model */ = {
			isa = PBXGroup;
			children = (
				D29C960221087B9D00663E1F /* CategoryItem.swift */,
				D2AA39602108DB9900BE53D5 /* CategoryColors.swift */,
			);
			path = Model;
			sourceTree = "<group>";
		};
		D29C960421088C2D00663E1F /* Controller */ = {
			isa = PBXGroup;
			children = (
				D22660092107BA0F004EAFA3 /* AppDelegate.swift */,
				D226601E2107BC45004EAFA3 /* RecordTableViewController.swift */,
				D29C95FD2108764C00663E1F /* DashboardViewController.swift */,
			);
			path = Controller;
			sourceTree = "<group>";
		};
/* End PBXGroup section */

/* Begin PBXNativeTarget section */
		D22660052107BA0F004EAFA3 /* Time-Tracker */ = {
			isa = PBXNativeTarget;
			buildConfigurationList = D226601B2107BA10004EAFA3 /* Build configuration list for PBXNativeTarget "Time-Tracker" */;
			buildPhases = (
				D22660022107BA0F004EAFA3 /* Sources */,
				D22660032107BA0F004EAFA3 /* Frameworks */,
				D22660042107BA0F004EAFA3 /* Resources */,
			);
			buildRules = (
			);
			dependencies = (
			);
			name = "Time-Tracker";
			productName = "Time-Tracker";
			productReference = D22660062107BA0F004EAFA3 /* Time-Tracker.app */;
			productType = "com.apple.product-type.application";
		};
/* End PBXNativeTarget section */

/* Begin PBXProject section */
		D2265FFE2107BA0F004EAFA3 /* Project object */ = {
			isa = PBXProject;
			attributes = {
				LastSwiftUpdateCheck = 0940;
				LastUpgradeCheck = 0940;
				ORGANIZATIONNAME = "Alessandro Orlandi";
				TargetAttributes = {
					D22660052107BA0F004EAFA3 = {
						CreatedOnToolsVersion = 9.4.1;
					};
				};
			};
			buildConfigurationList = D22660012107BA0F004EAFA3 /* Build configuration list for PBXProject "Time-Tracker" */;
			compatibilityVersion = "Xcode 9.3";
			developmentRegion = en;
			hasScannedForEncodings = 0;
			knownRegions = (
				en,
				Base,
			);
			mainGroup = D2265FFD2107BA0F004EAFA3;
			productRefGroup = D22660072107BA0F004EAFA3 /* Products */;
			projectDirPath = "";
			projectRoot = "";
			targets = (
				D22660052107BA0F004EAFA3 /* Time-Tracker */,
			);
		};
/* End PBXProject section */

/* Begin PBXResourcesBuildPhase section */
		D22660042107BA0F004EAFA3 /* Resources */ = {
			isa = PBXResourcesBuildPhase;
			buildActionMask = 2147483647;
			files = (
				D22660172107BA10004EAFA3 /* LaunchScreen.storyboard in Resources */,
				D22660142107BA10004EAFA3 /* Assets.xcassets in Resources */,
				D226600F2107BA0F004EAFA3 /* Main.storyboard in Resources */,
			);
			runOnlyForDeploymentPostprocessing = 0;
		};
/* End PBXResourcesBuildPhase section */

/* Begin PBXSourcesBuildPhase section */
		D22660022107BA0F004EAFA3 /* Sources */ = {
			isa = PBXSourcesBuildPhase;
			buildActionMask = 2147483647;
			files = (
				D22660122107BA0F004EAFA3 /* Time_Tracker.xcdatamodeld in Sources */,
				D226601F2107BC45004EAFA3 /* RecordTableViewController.swift in Sources */,
				D29C95FE2108764C00663E1F /* DashboardViewController.swift in Sources */,
				D22660212107C003004EAFA3 /* RecordTableViewCell.swift in Sources */,
				D2AA39612108DB9900BE53D5 /* CategoryColors.swift in Sources */,
				D226600A2107BA0F004EAFA3 /* AppDelegate.swift in Sources */,
				D29C960321087B9D00663E1F /* CategoryItem.swift in Sources */,
			);
			runOnlyForDeploymentPostprocessing = 0;
		};
/* End PBXSourcesBuildPhase section */

/* Begin PBXVariantGroup section */
		D226600D2107BA0F004EAFA3 /* Main.storyboard */ = {
			isa = PBXVariantGroup;
			children = (
				D226600E2107BA0F004EAFA3 /* Base */,
			);
			name = Main.storyboard;
			sourceTree = "<group>";
		};
		D22660152107BA10004EAFA3 /* LaunchScreen.storyboard */ = {
			isa = PBXVariantGroup;
			children = (
				D22660162107BA10004EAFA3 /* Base */,
			);
			name = LaunchScreen.storyboard;
			sourceTree = "<group>";
		};
/* End PBXVariantGroup section */

/* Begin XCBuildConfiguration section */
		D22660192107BA10004EAFA3 /* Debug */ = {
			isa = XCBuildConfiguration;
			buildSettings = {
				ALWAYS_SEARCH_USER_PATHS = NO;
				CLANG_ANALYZER_NONNULL = YES;
				CLANG_ANALYZER_NUMBER_OBJECT_CONVERSION = YES_AGGRESSIVE;
				CLANG_CXX_LANGUAGE_STANDARD = "gnu++14";
				CLANG_CXX_LIBRARY = "libc++";
				CLANG_ENABLE_MODULES = YES;
				CLANG_ENABLE_OBJC_ARC = YES;
				CLANG_ENABLE_OBJC_WEAK = YES;
				CLANG_WARN_BLOCK_CAPTURE_AUTORELEASING = YES;
				CLANG_WARN_BOOL_CONVERSION = YES;
				CLANG_WARN_COMMA = YES;
				CLANG_WARN_CONSTANT_CONVERSION = YES;
				CLANG_WARN_DEPRECATED_OBJC_IMPLEMENTATIONS = YES;
				CLANG_WARN_DIRECT_OBJC_ISA_USAGE = YES_ERROR;
				CLANG_WARN_DOCUMENTATION_COMMENTS = YES;
				CLANG_WARN_EMPTY_BODY = YES;
				CLANG_WARN_ENUM_CONVERSION = YES;
				CLANG_WARN_INFINITE_RECURSION = YES;
				CLANG_WARN_INT_CONVERSION = YES;
				CLANG_WARN_NON_LITERAL_NULL_CONVERSION = YES;
				CLANG_WARN_OBJC_IMPLICIT_RETAIN_SELF = YES;
				CLANG_WARN_OBJC_LITERAL_CONVERSION = YES;
				CLANG_WARN_OBJC_ROOT_CLASS = YES_ERROR;
				CLANG_WARN_RANGE_LOOP_ANALYSIS = YES;
				CLANG_WARN_STRICT_PROTOTYPES = YES;
				CLANG_WARN_SUSPICIOUS_MOVE = YES;
				CLANG_WARN_UNGUARDED_AVAILABILITY = YES_AGGRESSIVE;
				CLANG_WARN_UNREACHABLE_CODE = YES;
				CLANG_WARN__DUPLICATE_METHOD_MATCH = YES;
				CODE_SIGN_IDENTITY = "iPhone Developer";
				COPY_PHASE_STRIP = NO;
				DEBUG_INFORMATION_FORMAT = dwarf;
				ENABLE_STRICT_OBJC_MSGSEND = YES;
				ENABLE_TESTABILITY = YES;
				GCC_C_LANGUAGE_STANDARD = gnu11;
				GCC_DYNAMIC_NO_PIC = NO;
				GCC_NO_COMMON_BLOCKS = YES;
				GCC_OPTIMIZATION_LEVEL = 0;
				GCC_PREPROCESSOR_DEFINITIONS = (
					"DEBUG=1",
					"$(inherited)",
				);
				GCC_WARN_64_TO_32_BIT_CONVERSION = YES;
				GCC_WARN_ABOUT_RETURN_TYPE = YES_ERROR;
				GCC_WARN_UNDECLARED_SELECTOR = YES;
				GCC_WARN_UNINITIALIZED_AUTOS = YES_AGGRESSIVE;
				GCC_WARN_UNUSED_FUNCTION = YES;
				GCC_WARN_UNUSED_VARIABLE = YES;
				IPHONEOS_DEPLOYMENT_TARGET = 11.4;
				MTL_ENABLE_DEBUG_INFO = YES;
				ONLY_ACTIVE_ARCH = YES;
				SDKROOT = iphoneos;
				SWIFT_ACTIVE_COMPILATION_CONDITIONS = DEBUG;
				SWIFT_OPTIMIZATION_LEVEL = "-Onone";
			};
			name = Debug;
		};
		D226601A2107BA10004EAFA3 /* Release */ = {
			isa = XCBuildConfiguration;
			buildSettings = {
				ALWAYS_SEARCH_USER_PATHS = NO;
				CLANG_ANALYZER_NONNULL = YES;
				CLANG_ANALYZER_NUMBER_OBJECT_CONVERSION = YES_AGGRESSIVE;
				CLANG_CXX_LANGUAGE_STANDARD = "gnu++14";
				CLANG_CXX_LIBRARY = "libc++";
				CLANG_ENABLE_MODULES = YES;
				CLANG_ENABLE_OBJC_ARC = YES;
				CLANG_ENABLE_OBJC_WEAK = YES;
				CLANG_WARN_BLOCK_CAPTURE_AUTORELEASING = YES;
				CLANG_WARN_BOOL_CONVERSION = YES;
				CLANG_WARN_COMMA = YES;
				CLANG_WARN_CONSTANT_CONVERSION = YES;
				CLANG_WARN_DEPRECATED_OBJC_IMPLEMENTATIONS = YES;
				CLANG_WARN_DIRECT_OBJC_ISA_USAGE = YES_ERROR;
				CLANG_WARN_DOCUMENTATION_COMMENTS = YES;
				CLANG_WARN_EMPTY_BODY = YES;
				CLANG_WARN_ENUM_CONVERSION = YES;
				CLANG_WARN_INFINITE_RECURSION = YES;
				CLANG_WARN_INT_CONVERSION = YES;
				CLANG_WARN_NON_LITERAL_NULL_CONVERSION = YES;
				CLANG_WARN_OBJC_IMPLICIT_RETAIN_SELF = YES;
				CLANG_WARN_OBJC_LITERAL_CONVERSION = YES;
				CLANG_WARN_OBJC_ROOT_CLASS = YES_ERROR;
				CLANG_WARN_RANGE_LOOP_ANALYSIS = YES;
				CLANG_WARN_STRICT_PROTOTYPES = YES;
				CLANG_WARN_SUSPICIOUS_MOVE = YES;
				CLANG_WARN_UNGUARDED_AVAILABILITY = YES_AGGRESSIVE;
				CLANG_WARN_UNREACHABLE_CODE = YES;
				CLANG_WARN__DUPLICATE_METHOD_MATCH = YES;
				CODE_SIGN_IDENTITY = "iPhone Developer";
				COPY_PHASE_STRIP = NO;
				DEBUG_INFORMATION_FORMAT = "dwarf-with-dsym";
				ENABLE_NS_ASSERTIONS = NO;
				ENABLE_STRICT_OBJC_MSGSEND = YES;
				GCC_C_LANGUAGE_STANDARD = gnu11;
				GCC_NO_COMMON_BLOCKS = YES;
				GCC_WARN_64_TO_32_BIT_CONVERSION = YES;
				GCC_WARN_ABOUT_RETURN_TYPE = YES_ERROR;
				GCC_WARN_UNDECLARED_SELECTOR = YES;
				GCC_WARN_UNINITIALIZED_AUTOS = YES_AGGRESSIVE;
				GCC_WARN_UNUSED_FUNCTION = YES;
				GCC_WARN_UNUSED_VARIABLE = YES;
				IPHONEOS_DEPLOYMENT_TARGET = 11.4;
				MTL_ENABLE_DEBUG_INFO = NO;
				SDKROOT = iphoneos;
				SWIFT_COMPILATION_MODE = wholemodule;
				SWIFT_OPTIMIZATION_LEVEL = "-O";
				VALIDATE_PRODUCT = YES;
			};
			name = Release;
		};
		D226601C2107BA10004EAFA3 /* Debug */ = {
			isa = XCBuildConfiguration;
			buildSettings = {
				ASSETCATALOG_COMPILER_APPICON_NAME = AppIcon;
				CODE_SIGN_STYLE = Automatic;
				DEVELOPMENT_TEAM = C45L3882JT;
				INFOPLIST_FILE = "Time-Tracker/Info.plist";
				LD_RUNPATH_SEARCH_PATHS = (
					"$(inherited)",
					"@executable_path/Frameworks",
				);
				PRODUCT_BUNDLE_IDENTIFIER = "ao-appdeveloper.Time-Tracker";
				PRODUCT_NAME = "$(TARGET_NAME)";
				SWIFT_VERSION = 4.0;
				TARGETED_DEVICE_FAMILY = "1,2";
			};
			name = Debug;
		};
		D226601D2107BA10004EAFA3 /* Release */ = {
			isa = XCBuildConfiguration;
			buildSettings = {
				ASSETCATALOG_COMPILER_APPICON_NAME = AppIcon;
				CODE_SIGN_STYLE = Automatic;
				DEVELOPMENT_TEAM = C45L3882JT;
				INFOPLIST_FILE = "Time-Tracker/Info.plist";
				LD_RUNPATH_SEARCH_PATHS = (
					"$(inherited)",
					"@executable_path/Frameworks",
				);
				PRODUCT_BUNDLE_IDENTIFIER = "ao-appdeveloper.Time-Tracker";
				PRODUCT_NAME = "$(TARGET_NAME)";
				SWIFT_VERSION = 4.0;
				TARGETED_DEVICE_FAMILY = "1,2";
			};
			name = Release;
		};
/* End XCBuildConfiguration section */

/* Begin XCConfigurationList section */
		D22660012107BA0F004EAFA3 /* Build configuration list for PBXProject "Time-Tracker" */ = {
			isa = XCConfigurationList;
			buildConfigurations = (
				D22660192107BA10004EAFA3 /* Debug */,
				D226601A2107BA10004EAFA3 /* Release */,
			);
			defaultConfigurationIsVisible = 0;
			defaultConfigurationName = Release;
		};
		D226601B2107BA10004EAFA3 /* Build configuration list for PBXNativeTarget "Time-Tracker" */ = {
			isa = XCConfigurationList;
			buildConfigurations = (
				D226601C2107BA10004EAFA3 /* Debug */,
				D226601D2107BA10004EAFA3 /* Release */,
			);
			defaultConfigurationIsVisible = 0;
			defaultConfigurationName = Release;
		};
/* End XCConfigurationList section */

/* Begin XCVersionGroup section */
		D22660102107BA0F004EAFA3 /* Time_Tracker.xcdatamodeld */ = {
			isa = XCVersionGroup;
			children = (
				D22660112107BA0F004EAFA3 /* Time_Tracker.xcdatamodel */,
			);
			currentVersion = D22660112107BA0F004EAFA3 /* Time_Tracker.xcdatamodel */;
			path = Time_Tracker.xcdatamodeld;
			sourceTree = "<group>";
			versionGroupType = wrapper.xcdatamodel;
		};
/* End XCVersionGroup section */
	};
	rootObject = D2265FFE2107BA0F004EAFA3 /* Project object */;
}
